
Microsoft Visual Studio Solution File, Format Version 12.00
# Visual Studio Version 17
VisualStudioVersion = 17.3.32929.385
MinimumVisualStudioVersion = 10.0.40219.1
Project("{9A19103F-16F7-4668-BE54-9A1E7A4F7556}") = "Karpinski XY Server", "Karpinski XY Server\Karpinski XY Server.csproj", "{613D042C-2061-471A-9E1B-05E37088E7AD}"
EndProject
Global
	GlobalSection(SolutionConfigurationPlatforms) = preSolution
		Debug|Any CPU = Debug|Any CPU
		Release|Any CPU = Release|Any CPU
	EndGlobalSection
	GlobalSection(ProjectConfigurationPlatforms) = postSolution
		{613D042C-2061-471A-9E1B-05E37088E7AD}.Debug|Any CPU.ActiveCfg = Debug|Any CPU
		{613D042C-2061-471A-9E1B-05E37088E7AD}.Debug|Any CPU.Build.0 = Debug|Any CPU
		{613D042C-2061-471A-9E1B-05E37088E7AD}.Release|Any CPU.ActiveCfg = Release|Any CPU
		{613D042C-2061-471A-9E1B-05E37088E7AD}.Release|Any CPU.Build.0 = Release|Any CPU
	EndGlobalSection
	GlobalSection(SolutionProperties) = preSolution
		HideSolutionNode = FALSE
	EndGlobalSection
	GlobalSection(ExtensibilityGlobals) = postSolution
		SolutionGuid = {5242BAFB-4785-4E66-8F5B-4FCF2D0F6383}
	EndGlobalSection
EndGlobal
